github.com/Elbandi/zabbix-checker v0.0.0-20241219185337-e1f809219cb7 h1:tkl+r9o1l95BmU8MkWkwKuF6nDgvrccKlz0GeQzDqXI=
github.com/Elbandi/zabbix-checker v0.0.0-20241219185337-e1f809219cb7/go.mod h1:zXzTodXPq8YI7VRVJ+c+PMXBByY4ED8L1vBgnm9XNvc=
github.com/bitbandi/go-yiimp-api v0.0.0-20191017120633-d00d908b0146 h1:/xjmsxgxnumKSZ3ZNhMi2yn1Uov+cxpwkfwYGo1OWbY=
github.com/bitbandi/go-yiimp-api v0.0.0-20191017120633-d00d908b0146/go.mod h1:+mZNnONfs1uEGLt2fjiy4flfj98W/MTGOB2PjYgTIqs=
github.com/davecgh/go-spew v1.1.1 h1:vj9j/u1bqnvCEfJOwUhtlOARqs3+rkHYY13jYWTU97c=
github.com/dghubble/sling v1.4.2 h1:vs1HIGBbSl2SEALyU+irpYFLZMfc49Fp+jYryFebQjM=
github.com/dghubble/sling v1.4.2/go.mod h1:o0arCOz0HwfqYQJLrRtqunaWOn4X6jxE/6ORKRpVTD4=
github.com/google/go-cmp v0.5.2 h1:X2ev0eStA3AbceY54o37/0PQ/UWqKEiiO2dKL5OPaFM=
github.com/google/go-cmp v0.5.2/go.mod h1:v8dTdLbMG2kIc/vJvl+f65V22dbkXbowE6jgT/gNBxE=
github.com/google/go-querystring v1.1.0 h1:AnCroh3fv4ZBgVIf1Iwtovgjaw/GiKJo8M8yD/fhyJ8=
github.com/google/go-querystring v1.1.0/go.mod h1:Kcdr2DB4koayq7X8pmAG4sNG59So17icRSOU623lUBU=
github.com/pmezard/go-difflib v1.0.0 h1:4DBwDE0NGyQoBHbLQYPwSUPoCMWR5BEzIk/f1lZbAQM=
github.com/stretchr/testify v1.10.0 h1:Xv5erBjTwe/5IxqUQTdXv5kgmIvbHo3QQyRwhJsOfJA=
github.com/stretchr/testify v1.10.0/go.mod h1:r2ic/lqez/lEtzL7wO/rwa5dbSLXVDPFyf8C91i36aY=
golang.org/x/net v0.34.0 h1:Mb7Mrk043xzHgnRM88suvJFwzVrRfHEHJEl5/71CKw0=
golang.org/x/net v0.34.0/go.mod h1:di0qlW3YNM5oh6GqDGQr92MyTozJPmybPK4Ev/Gm31k=
golang.org/x/xerrors v0.0.0-20191204190536-9bdfabe68543/go.mod h1:I/5z698sn9Ka8TeJc9MKroUUfqBBauWjQqLJ2OPfmY0=
gopkg.in/yaml.v3 v3.0.1 h1:fxVm/GzAzEWqLHuvctI91KS9hhNmmWOoWu0XTYJS7CA=
