github.com/cpuguy83/go-md2man/v2 v2.0.5 h1:ZtcqGrnekaHpVLArFSe4HK5DoKx1T0rq2DwVB0alcyc=
github.com/cpuguy83/go-md2man/v2 v2.0.5/go.mod h1:tgQtvFlXSQOSOSIRvRPT7W67SCa46tRHOmNcaadrF8o=
github.com/russross/blackfriday/v2 v2.1.0 h1:JIOH55/0cWyOuilr9/qlrm0BSXldqnqwMsf35Ld67mk=
github.com/russross/blackfriday/v2 v2.1.0/go.mod h1:+Rmxgy9KzJVeS9/2gXHxylqXiyQDYRxCVz55jmeOWTM=
github.com/urfave/cli/v2 v2.27.5 h1:WoHEJLdsXr6dDWoJgMq/CboDmyY/8HMMH1fTECbih+w=
github.com/urfave/cli/v2 v2.27.5/go.mod h1:3Sevf16NykTbInEnD0yKkjDAeZDS0A6bzhBH5hrMvTQ=
github.com/xrash/smetrics v0.0.0-20240521201337-686a1a2994c1 h1:gEOO8jv9F4OT7lGCjxCBTO/36wtF6j2nSip77qHd4x4=
github.com/xrash/smetrics v0.0.0-20240521201337-686a1a2994c1/go.mod h1:Ohn+xnUBiLI6FVj/9LpzZWtj1/D6lUovWYBkxHVV3aM=
github.com/zabbix/zabbix/src/go v0.0.0-20250225074525-c34078a4563f h1:fpjxC8C1VH88/OAigyDnCl+yBaS0y2pEslahZu3SLBo=
github.com/zabbix/zabbix/src/go v0.0.0-20250225074525-c34078a4563f/go.mod h1:7R07A5wmwTKPgMnh+rsQZ1qJlnuc2Hjh0W3TyE117UU=
github.com/zabbix/zabbix/src/go v0.0.0-20250225144705-c9a4275a5f63 h1:t/kNzI76cqeEqdJC6DHunTaeWOYiTM0XUqHWIjgr99M=
github.com/zabbix/zabbix/src/go v0.0.0-20250225144705-c9a4275a5f63/go.mod h1:srrIdPupLWVNYB3XlcxrRrBctQitXCcFme3Bv7hSJj0=
golang.zabbix.com/agent2 v0.0.0-20250225074525-c34078a4563f h1:ee2a163w31VuHnQrPgmEVH46vb5p0O3GDiC598kMoLM=
golang.zabbix.com/agent2 v0.0.0-20250225074525-c34078a4563f/go.mod h1:mQLehwMlnXyeiRSyDJzvCXT2PfTfE5l7Oh3p7LdTCwQ=
golang.zabbix.com/agent2 v0.0.0-20250225144705-c9a4275a5f63 h1:pTA8x6YBj472Z91RiGFE6NOzeT9HWK0uilvvK1y4NlA=
golang.zabbix.com/agent2 v0.0.0-20250225144705-c9a4275a5f63/go.mod h1:mQLehwMlnXyeiRSyDJzvCXT2PfTfE5l7Oh3p7LdTCwQ=
golang.zabbix.com/sdk v1.2.2-0.20250214072554-abd5e97e6797 h1:QGx55g1trsHAhGuz+molPDYf9K5L7GX5tELsPo6gkRA=
golang.zabbix.com/sdk v1.2.2-0.20250214072554-abd5e97e6797/go.mod h1:8saHaop4b0JnDaePDT7oArefRKBU/Ew7pqUJpeBX4J0=
