github.com/knqyf263/go-deb-version v0.0.0-20241115131334-61cdcc27dbdb h1:SbR76NOwgLjWSwDd9WAxVB7E7AytmZu0hf6784LYSQ0=
github.com/knqyf263/go-deb-version v0.0.0-20241115131334-61cdcc27dbdb/go.mod h1:ijAmSS4jErO6+KRzcK6ixsm3Vt96hMhJ+W+x+VmbrQA=
github.com/stapelberg/godebiancontrol v0.0.0-20180408134423-8c93e189186a h1:9E/p5pk1eLIriw1+F5a0QoyPTnFTdMhwWd9ICYviUCE=
github.com/stapelberg/godebiancontrol v0.0.0-20180408134423-8c93e189186a/go.mod h1:qaH6B8TC1qYBClKrXVPJtqn31i3MgLKENRx0Z/S0vWo=
github.com/ulikunitz/xz v0.5.12 h1:37Nm15o69RwBkXM0J6A5OlE67RZTfzUxTj8fB3dfcsc=
github.com/ulikunitz/xz v0.5.12/go.mod h1:nbz6k7qbPmH4IRqmfOplQw/tblSgqTqBwxkY0oWt/14=
