github.com/knqyf263/go-deb-version v0.0.0-20241115132648-6f4aee6ccd23 h1:dWzdsqjh1p2gNtRKqNwuBvKqMNwnLOPLzVZT1n6DK7s=
github.com/knqyf263/go-deb-version v0.0.0-20241115132648-6f4aee6ccd23/go.mod h1:lUaIXCWzf7BRKTY5iEcrYy1TfgbYLYVIS/B2vPkJzOc=
github.com/stapelberg/godebiancontrol v0.0.0-20180408134423-8c93e189186a h1:9E/p5pk1eLIriw1+F5a0QoyPTnFTdMhwWd9ICYviUCE=
github.com/stapelberg/godebiancontrol v0.0.0-20180408134423-8c93e189186a/go.mod h1:qaH6B8TC1qYBClKrXVPJtqn31i3MgLKENRx0Z/S0vWo=
github.com/ulikunitz/xz v0.5.12 h1:37Nm15o69RwBkXM0J6A5OlE67RZTfzUxTj8fB3dfcsc=
github.com/ulikunitz/xz v0.5.12/go.mod h1:nbz6k7qbPmH4IRqmfOplQw/tblSgqTqBwxkY0oWt/14=
github.com/ulikunitz/xz v0.5.15 h1:9DNdB5s+SgV3bQ2ApL10xRc35ck0DuIX/isZvIk+ubY=
github.com/ulikunitz/xz v0.5.15/go.mod h1:nbz6k7qbPmH4IRqmfOplQw/tblSgqTqBwxkY0oWt/14=
golang.org/x/net v0.43.0 h1:lat02VYK2j4aLzMzecihNvTlJNQUq316m2Mr9rnM6YE=
golang.org/x/net v0.43.0/go.mod h1:vhO1fvI4dGsIjh73sWfUVjj3N7CA9WkKJNQm2svM6Jg=
golang.org/x/text v0.28.0 h1:rhazDwis8INMIwQ4tpjLDzUhx6RlXqZNPEM0huQojng=
golang.org/x/text v0.28.0/go.mod h1:U8nCwOR8jO/marOQ0QbDiOngZVEBB7MAiitBuMjXiNU=
