github.com/knqyf263/go-deb-version v0.0.0-20241115132648-6f4aee6ccd23 h1:dWzdsqjh1p2gNtRKqNwuBvKqMNwnLOPLzVZT1n6DK7s=
github.com/knqyf263/go-deb-version v0.0.0-20241115132648-6f4aee6ccd23/go.mod h1:lUaIXCWzf7BRKTY5iEcrYy1TfgbYLYVIS/B2vPkJzOc=
github.com/stapelberg/godebiancontrol v0.0.0-20180408134423-8c93e189186a h1:9E/p5pk1eLIriw1+F5a0QoyPTnFTdMhwWd9ICYviUCE=
github.com/stapelberg/godebiancontrol v0.0.0-20180408134423-8c93e189186a/go.mod h1:qaH6B8TC1qYBClKrXVPJtqn31i3MgLKENRx0Z/S0vWo=
github.com/ulikunitz/xz v0.5.12 h1:37Nm15o69RwBkXM0J6A5OlE67RZTfzUxTj8fB3dfcsc=
github.com/ulikunitz/xz v0.5.12/go.mod h1:nbz6k7qbPmH4IRqmfOplQw/tblSgqTqBwxkY0oWt/14=
